
Microsoft Visual Studio Solution File, Format Version 12.00
Project("{2150E333-8FDC-42A3-9474-1A3956D46DE8}") = "Core", "Core", "{45169AD1-1CDA-4DFE-8D3E-4B013404CEAB}"
EndProject
Project("{2150E333-8FDC-42A3-9474-1A3956D46DE8}") = "Infrastructure", "Infrastructure", "{58B5DA11-F1DF-476C-AB86-FC46EE212446}"
EndProject
Project("{2150E333-8FDC-42A3-9474-1A3956D46DE8}") = "Web", "Web", "{D3794F7E-8A48-4D71-B4CA-76AEFA32C4AE}"
EndProject
Project("{FAE04EC0-301F-11D3-BF4B-00C04F79EFBC}") = "Api", "Api\Api.csproj", "{FE8ED8F5-232C-48A1-9D64-3099328287D2}"
EndProject
Project("{FAE04EC0-301F-11D3-BF4B-00C04F79EFBC}") = "Telegram", "Telegram\Telegram.csproj", "{0F4CF6E0-AD32-44CB-B8FD-C0F58995C3CA}"
EndProject
Project("{FAE04EC0-301F-11D3-BF4B-00C04F79EFBC}") = "Persistence", "Persistence\Persistence.csproj", "{B643D54D-29B7-42DC-B2C4-470D212721E6}"
EndProject
Project("{FAE04EC0-301F-11D3-BF4B-00C04F79EFBC}") = "Application", "Application\Application.csproj", "{60BDFD85-6430-48D0-8429-1826ECDC9375}"
EndProject
Project("{FAE04EC0-301F-11D3-BF4B-00C04F79EFBC}") = "Domain", "Domain\Domain.csproj", "{BB745C51-22CC-457E-893B-5EBF16CEF03E}"
EndProject
Project("{FAE04EC0-301F-11D3-BF4B-00C04F79EFBC}") = "GoogleSheets", "GoogleSheets\GoogleSheets.csproj", "{F558C285-7C00-4F8E-81EB-7554F23125B2}"
EndProject
Global
	GlobalSection(SolutionConfigurationPlatforms) = preSolution
		Debug|Any CPU = Debug|Any CPU
		Release|Any CPU = Release|Any CPU
	EndGlobalSection
	GlobalSection(ProjectConfigurationPlatforms) = postSolution
		{FE8ED8F5-232C-48A1-9D64-3099328287D2}.Debug|Any CPU.ActiveCfg = Debug|Any CPU
		{FE8ED8F5-232C-48A1-9D64-3099328287D2}.Debug|Any CPU.Build.0 = Debug|Any CPU
		{FE8ED8F5-232C-48A1-9D64-3099328287D2}.Release|Any CPU.ActiveCfg = Release|Any CPU
		{FE8ED8F5-232C-48A1-9D64-3099328287D2}.Release|Any CPU.Build.0 = Release|Any CPU
		{0F4CF6E0-AD32-44CB-B8FD-C0F58995C3CA}.Debug|Any CPU.ActiveCfg = Debug|Any CPU
		{0F4CF6E0-AD32-44CB-B8FD-C0F58995C3CA}.Debug|Any CPU.Build.0 = Debug|Any CPU
		{0F4CF6E0-AD32-44CB-B8FD-C0F58995C3CA}.Release|Any CPU.ActiveCfg = Release|Any CPU
		{0F4CF6E0-AD32-44CB-B8FD-C0F58995C3CA}.Release|Any CPU.Build.0 = Release|Any CPU
		{B643D54D-29B7-42DC-B2C4-470D212721E6}.Debug|Any CPU.ActiveCfg = Debug|Any CPU
		{B643D54D-29B7-42DC-B2C4-470D212721E6}.Debug|Any CPU.Build.0 = Debug|Any CPU
		{B643D54D-29B7-42DC-B2C4-470D212721E6}.Release|Any CPU.ActiveCfg = Release|Any CPU
		{B643D54D-29B7-42DC-B2C4-470D212721E6}.Release|Any CPU.Build.0 = Release|Any CPU
		{60BDFD85-6430-48D0-8429-1826ECDC9375}.Debug|Any CPU.ActiveCfg = Debug|Any CPU
		{60BDFD85-6430-48D0-8429-1826ECDC9375}.Debug|Any CPU.Build.0 = Debug|Any CPU
		{60BDFD85-6430-48D0-8429-1826ECDC9375}.Release|Any CPU.ActiveCfg = Release|Any CPU
		{60BDFD85-6430-48D0-8429-1826ECDC9375}.Release|Any CPU.Build.0 = Release|Any CPU
		{BB745C51-22CC-457E-893B-5EBF16CEF03E}.Debug|Any CPU.ActiveCfg = Debug|Any CPU
		{BB745C51-22CC-457E-893B-5EBF16CEF03E}.Debug|Any CPU.Build.0 = Debug|Any CPU
		{BB745C51-22CC-457E-893B-5EBF16CEF03E}.Release|Any CPU.ActiveCfg = Release|Any CPU
		{BB745C51-22CC-457E-893B-5EBF16CEF03E}.Release|Any CPU.Build.0 = Release|Any CPU
		{F558C285-7C00-4F8E-81EB-7554F23125B2}.Debug|Any CPU.ActiveCfg = Debug|Any CPU
		{F558C285-7C00-4F8E-81EB-7554F23125B2}.Debug|Any CPU.Build.0 = Debug|Any CPU
		{F558C285-7C00-4F8E-81EB-7554F23125B2}.Release|Any CPU.ActiveCfg = Release|Any CPU
		{F558C285-7C00-4F8E-81EB-7554F23125B2}.Release|Any CPU.Build.0 = Release|Any CPU
	EndGlobalSection
	GlobalSection(NestedProjects) = preSolution
		{FE8ED8F5-232C-48A1-9D64-3099328287D2} = {D3794F7E-8A48-4D71-B4CA-76AEFA32C4AE}
		{0F4CF6E0-AD32-44CB-B8FD-C0F58995C3CA} = {58B5DA11-F1DF-476C-AB86-FC46EE212446}
		{B643D54D-29B7-42DC-B2C4-470D212721E6} = {58B5DA11-F1DF-476C-AB86-FC46EE212446}
		{60BDFD85-6430-48D0-8429-1826ECDC9375} = {45169AD1-1CDA-4DFE-8D3E-4B013404CEAB}
		{BB745C51-22CC-457E-893B-5EBF16CEF03E} = {45169AD1-1CDA-4DFE-8D3E-4B013404CEAB}
		{F558C285-7C00-4F8E-81EB-7554F23125B2} = {58B5DA11-F1DF-476C-AB86-FC46EE212446}
	EndGlobalSection
EndGlobal
